
Microsoft Visual Studio Solution File, Format Version 12.00
# Visual Studio Version 17
VisualStudioVersion = 17.10.35004.147
MinimumVisualStudioVersion = 10.0.40219.1
Project("{9A19103F-16F7-4668-BE54-9A1E7A4F7556}") = "FirstApp", "FirstApp\FirstApp.csproj", "{6999DCC7-D9A0-48DF-8DF4-BECD41AAA085}"
EndProject
Project("{9A19103F-16F7-4668-BE54-9A1E7A4F7556}") = "VariablesApp", "VariablesApp\VariablesApp.csproj", "{7DA7C26C-1545-4412-81C3-2A8A2A85152F}"
EndProject
Project("{9A19103F-16F7-4668-BE54-9A1E7A4F7556}") = "IfPractice", "IfPractice\IfPractice.csproj", "{B95FBCE9-A763-4F68-A20D-92C03FD61845}"
EndProject
Project("{9A19103F-16F7-4668-BE54-9A1E7A4F7556}") = "IfSwitchPractice", "IfSwitchPractice\IfSwitchPractice.csproj", "{21DD0662-D7BB-4510-A42A-23E48F386A99}"
EndProject
Project("{FAE04EC0-301F-11D3-BF4B-00C04F79EFBC}") = "WhoWantstoBeaMillionaire", "WhoWantstoBeaMillionaire\WhoWantstoBeaMillionaire.csproj", "{FCB033F3-807A-49B6-9629-2B8D9B23CB0B}"
EndProject
Project("{FAE04EC0-301F-11D3-BF4B-00C04F79EFBC}") = "ForExamples", "ForExamples\ForExamples.csproj", "{10115DCB-4020-4187-9130-030179A4E1AE}"
EndProject
Project("{FAE04EC0-301F-11D3-BF4B-00C04F79EFBC}") = "WhilePractices", "WhilePractices\WhilePractices.csproj", "{1736B540-2C6B-4DC7-82EC-1EF7DED98D84}"
EndProject
Project("{FAE04EC0-301F-11D3-BF4B-00C04F79EFBC}") = "WhileDoWhilePractice", "WhileDoWhilePractice\WhileDoWhilePractice.csproj", "{50DD943B-B54B-4122-A993-C6D1313F82C1}"
EndProject
Global
	GlobalSection(SolutionConfigurationPlatforms) = preSolution
		Debug|Any CPU = Debug|Any CPU
		Release|Any CPU = Release|Any CPU
	EndGlobalSection
	GlobalSection(ProjectConfigurationPlatforms) = postSolution
		{6999DCC7-D9A0-48DF-8DF4-BECD41AAA085}.Debug|Any CPU.ActiveCfg = Debug|Any CPU
		{6999DCC7-D9A0-48DF-8DF4-BECD41AAA085}.Debug|Any CPU.Build.0 = Debug|Any CPU
		{6999DCC7-D9A0-48DF-8DF4-BECD41AAA085}.Release|Any CPU.ActiveCfg = Release|Any CPU
		{6999DCC7-D9A0-48DF-8DF4-BECD41AAA085}.Release|Any CPU.Build.0 = Release|Any CPU
		{7DA7C26C-1545-4412-81C3-2A8A2A85152F}.Debug|Any CPU.ActiveCfg = Debug|Any CPU
		{7DA7C26C-1545-4412-81C3-2A8A2A85152F}.Debug|Any CPU.Build.0 = Debug|Any CPU
		{7DA7C26C-1545-4412-81C3-2A8A2A85152F}.Release|Any CPU.ActiveCfg = Release|Any CPU
		{7DA7C26C-1545-4412-81C3-2A8A2A85152F}.Release|Any CPU.Build.0 = Release|Any CPU
		{B95FBCE9-A763-4F68-A20D-92C03FD61845}.Debug|Any CPU.ActiveCfg = Debug|Any CPU
		{B95FBCE9-A763-4F68-A20D-92C03FD61845}.Debug|Any CPU.Build.0 = Debug|Any CPU
		{B95FBCE9-A763-4F68-A20D-92C03FD61845}.Release|Any CPU.ActiveCfg = Release|Any CPU
		{B95FBCE9-A763-4F68-A20D-92C03FD61845}.Release|Any CPU.Build.0 = Release|Any CPU
		{21DD0662-D7BB-4510-A42A-23E48F386A99}.Debug|Any CPU.ActiveCfg = Debug|Any CPU
		{21DD0662-D7BB-4510-A42A-23E48F386A99}.Debug|Any CPU.Build.0 = Debug|Any CPU
		{21DD0662-D7BB-4510-A42A-23E48F386A99}.Release|Any CPU.ActiveCfg = Release|Any CPU
		{21DD0662-D7BB-4510-A42A-23E48F386A99}.Release|Any CPU.Build.0 = Release|Any CPU
		{FCB033F3-807A-49B6-9629-2B8D9B23CB0B}.Debug|Any CPU.ActiveCfg = Debug|Any CPU
		{FCB033F3-807A-49B6-9629-2B8D9B23CB0B}.Debug|Any CPU.Build.0 = Debug|Any CPU
		{FCB033F3-807A-49B6-9629-2B8D9B23CB0B}.Release|Any CPU.ActiveCfg = Release|Any CPU
		{FCB033F3-807A-49B6-9629-2B8D9B23CB0B}.Release|Any CPU.Build.0 = Release|Any CPU
		{10115DCB-4020-4187-9130-030179A4E1AE}.Debug|Any CPU.ActiveCfg = Debug|Any CPU
		{10115DCB-4020-4187-9130-030179A4E1AE}.Debug|Any CPU.Build.0 = Debug|Any CPU
		{10115DCB-4020-4187-9130-030179A4E1AE}.Release|Any CPU.ActiveCfg = Release|Any CPU
		{10115DCB-4020-4187-9130-030179A4E1AE}.Release|Any CPU.Build.0 = Release|Any CPU
		{1736B540-2C6B-4DC7-82EC-1EF7DED98D84}.Debug|Any CPU.ActiveCfg = Debug|Any CPU
		{1736B540-2C6B-4DC7-82EC-1EF7DED98D84}.Debug|Any CPU.Build.0 = Debug|Any CPU
		{1736B540-2C6B-4DC7-82EC-1EF7DED98D84}.Release|Any CPU.ActiveCfg = Release|Any CPU
		{1736B540-2C6B-4DC7-82EC-1EF7DED98D84}.Release|Any CPU.Build.0 = Release|Any CPU
		{50DD943B-B54B-4122-A993-C6D1313F82C1}.Debug|Any CPU.ActiveCfg = Debug|Any CPU
		{50DD943B-B54B-4122-A993-C6D1313F82C1}.Debug|Any CPU.Build.0 = Debug|Any CPU
		{50DD943B-B54B-4122-A993-C6D1313F82C1}.Release|Any CPU.ActiveCfg = Release|Any CPU
		{50DD943B-B54B-4122-A993-C6D1313F82C1}.Release|Any CPU.Build.0 = Release|Any CPU
	EndGlobalSection
	GlobalSection(SolutionProperties) = preSolution
		HideSolutionNode = FALSE
	EndGlobalSection
	GlobalSection(ExtensibilityGlobals) = postSolution
		SolutionGuid = {C3FF0C1A-21C1-4044-8DC3-F7047A3A942D}
	EndGlobalSection
EndGlobal
