
Microsoft Visual Studio Solution File, Format Version 12.00
# Visual Studio Version 17
VisualStudioVersion = 17.10.35004.147
MinimumVisualStudioVersion = 10.0.40219.1
Project("{FAE04EC0-301F-11D3-BF4B-00C04F79EFBC}") = "FirstApp", "FirstApp\FirstApp.csproj", "{6999DCC7-D9A0-48DF-8DF4-BECD41AAA085}"
EndProject
Project("{FAE04EC0-301F-11D3-BF4B-00C04F79EFBC}") = "VariablesApp", "VariablesApp\VariablesApp.csproj", "{7DA7C26C-1545-4412-81C3-2A8A2A85152F}"
EndProject
Project("{FAE04EC0-301F-11D3-BF4B-00C04F79EFBC}") = "IfPractice", "IfPractice\IfPractice.csproj", "{B95FBCE9-A763-4F68-A20D-92C03FD61845}"
EndProject
Global
	GlobalSection(SolutionConfigurationPlatforms) = preSolution
		Debug|Any CPU = Debug|Any CPU
		Release|Any CPU = Release|Any CPU
	EndGlobalSection
	GlobalSection(ProjectConfigurationPlatforms) = postSolution
		{6999DCC7-D9A0-48DF-8DF4-BECD41AAA085}.Debug|Any CPU.ActiveCfg = Debug|Any CPU
		{6999DCC7-D9A0-48DF-8DF4-BECD41AAA085}.Debug|Any CPU.Build.0 = Debug|Any CPU
		{6999DCC7-D9A0-48DF-8DF4-BECD41AAA085}.Release|Any CPU.ActiveCfg = Release|Any CPU
		{6999DCC7-D9A0-48DF-8DF4-BECD41AAA085}.Release|Any CPU.Build.0 = Release|Any CPU
		{7DA7C26C-1545-4412-81C3-2A8A2A85152F}.Debug|Any CPU.ActiveCfg = Debug|Any CPU
		{7DA7C26C-1545-4412-81C3-2A8A2A85152F}.Debug|Any CPU.Build.0 = Debug|Any CPU
		{7DA7C26C-1545-4412-81C3-2A8A2A85152F}.Release|Any CPU.ActiveCfg = Release|Any CPU
		{7DA7C26C-1545-4412-81C3-2A8A2A85152F}.Release|Any CPU.Build.0 = Release|Any CPU
		{B95FBCE9-A763-4F68-A20D-92C03FD61845}.Debug|Any CPU.ActiveCfg = Debug|Any CPU
		{B95FBCE9-A763-4F68-A20D-92C03FD61845}.Debug|Any CPU.Build.0 = Debug|Any CPU
		{B95FBCE9-A763-4F68-A20D-92C03FD61845}.Release|Any CPU.ActiveCfg = Release|Any CPU
		{B95FBCE9-A763-4F68-A20D-92C03FD61845}.Release|Any CPU.Build.0 = Release|Any CPU
	EndGlobalSection
	GlobalSection(SolutionProperties) = preSolution
		HideSolutionNode = FALSE
	EndGlobalSection
	GlobalSection(ExtensibilityGlobals) = postSolution
		SolutionGuid = {C3FF0C1A-21C1-4044-8DC3-F7047A3A942D}
	EndGlobalSection
EndGlobal
